GIT
  remote: git@github.com:hirocaster/puppet-ruby.git
  ref: not-precompile
<<<<<<< HEAD
  sha: d7aa1f1fbe334e4f2f151d275fb7088f5a4a8d2e
=======
  sha: c25704ad783ca70528cdba1c40376c024fe23385
>>>>>>> Fix support multibyte by precompile
  specs:
    ruby (0.0.1)

GITHUBTARBALL
  remote: boxen/puppet-boxen
  specs:
    boxen (2.1.0)

GITHUBTARBALL
  remote: boxen/puppet-dnsmasq
  specs:
    dnsmasq (1.0.0)

GITHUBTARBALL
  remote: boxen/puppet-gcc
  specs:
    gcc (1.0.0)

GITHUBTARBALL
  remote: boxen/puppet-git
  specs:
    git (1.2.2)

GITHUBTARBALL
  remote: boxen/puppet-homebrew
  specs:
    homebrew (1.1.2)

GITHUBTARBALL
  remote: boxen/puppet-hub
  specs:
    hub (1.0.0)

GITHUBTARBALL
  remote: boxen/puppet-nginx
  specs:
    nginx (1.4.0)

GITHUBTARBALL
  remote: boxen/puppet-nodejs
  specs:
    nodejs (2.2.0)

GITHUBTARBALL
  remote: boxen/puppet-nvm
  specs:
    nvm (1.0.0)

GITHUBTARBALL
<<<<<<< HEAD
<<<<<<< HEAD
=======
  remote: boxen/puppet-ruby
=======
  remote: boxen/puppet-repository
>>>>>>> Fix support multibyte by precompile
  specs:
    repository (2.0.2)

GITHUBTARBALL
>>>>>>> update puppetfile and readme to latest versions
  remote: boxen/puppet-sudo
  specs:
    sudo (1.0.0)

GITHUBTARBALL
  remote: cprice-puppet/puppetlabs-inifile
  specs:
    inifile (0.9.0)

GITHUBTARBALL
  remote: puppetlabs/puppetlabs-stdlib
  specs:
    stdlib (4.0.2)

DEPENDENCIES
  boxen (= 2.1.0)
  dnsmasq (= 1.0.0)
  gcc (= 1.0.0)
  git (= 1.2.2)
  homebrew (= 1.1.2)
  hub (= 1.0.0)
  inifile (= 0.9.0)
<<<<<<< HEAD
  nginx (= 1.1.0)
  nodejs (= 1.0.0)
  nvm (= 1.0.0)
  ruby (>= 0)
  stdlib (= 3.0.0)
=======
  nginx (= 1.4.0)
  nodejs (= 2.2.0)
  nvm (= 1.0.0)
  repository (= 2.0.2)
  ruby (>= 0)
  stdlib (= 4.0.2)
>>>>>>> update puppetfile and readme to latest versions
  sudo (= 1.0.0)

